<?xml version="1.0" encoding="utf-8"?>
<Project ToolsVersion="4.0" xmlns="http://schemas.microsoft.com/developer/msbuild/2003">
  <ItemGroup>
    <Filter Include="Source">
      <UniqueIdentifier>{a805fcce-016e-4691-91ea-d33b66825d24}</UniqueIdentifier>
    </Filter>
    <Filter Include="Source\GL">
      <UniqueIdentifier>{2aba2313-cc9f-405b-a6da-f80cfc039ff5}</UniqueIdentifier>
    </Filter>
    <Filter Include="Source\Utility">
      <UniqueIdentifier>{eed23549-2430-4238-8692-f7f0df5f0e9c}</UniqueIdentifier>
    </Filter>
  </ItemGroup>
  <ItemGroup>
    <ClInclude Include="Source-Win32\FrameworkMain.h">
      <Filter>Source</Filter>
    </ClInclude>
    <ClInclude Include="Source-Win32\GL\glext.h">
      <Filter>Source\GL</Filter>
    </ClInclude>
    <ClInclude Include="Source-Win32\GL\GLExtensions.h">
      <Filter>Source\GL</Filter>
    </ClInclude>
    <ClInclude Include="Source-Win32\GL\wglext.h">
      <Filter>Source\GL</Filter>
    </ClInclude>
    <ClInclude Include="Source-Win32\GL\WGLExtensions.h">
      <Filter>Source\GL</Filter>
    </ClInclude>
    <ClInclude Include="Source-Win32\Utility\WindowsHelpers.h">
      <Filter>Source\Utility</Filter>
    </ClInclude>
  </ItemGroup>
  <ItemGroup>
    <ClCompile Include="Source-Win32\FrameworkMain.cpp">
      <Filter>Source</Filter>
    </ClCompile>
    <ClCompile Include="Source-Win32\GL\GLExtensions.cpp">
      <Filter>Source\GL</Filter>
    </ClCompile>
    <ClCompile Include="Source-Win32\GL\WGLExtensions.cpp">
      <Filter>Source\GL</Filter>
    </ClCompile>
    <ClCompile Include="Source-Win32\Utility\WindowsHelpers.cpp">
      <Filter>Source\Utility</Filter>
    </ClCompile>
  </ItemGroup>
</Project>