<?xml version="1.0" encoding="utf-8"?>
<Project ToolsVersion="4.0" xmlns="http://schemas.microsoft.com/developer/msbuild/2003">
  <ItemGroup>
    <Filter Include="Source Files">
      <UniqueIdentifier>{9afe3852-f8b9-4d2c-a1c3-826519903d48}</UniqueIdentifier>
    </Filter>
    <Filter Include="Source Files\GameCore">
      <UniqueIdentifier>{5af52413-6650-43c8-9e7a-2b61a8230d1e}</UniqueIdentifier>
    </Filter>
    <Filter Include="Source Files\GL">
      <UniqueIdentifier>{39f56a4f-0886-4e8d-9716-c9febb8bb48e}</UniqueIdentifier>
    </Filter>
    <Filter Include="Source Files\Math">
      <UniqueIdentifier>{445c296d-862c-4d3e-866c-fd46fb197f9a}</UniqueIdentifier>
    </Filter>
    <Filter Include="Source Files\Utility">
      <UniqueIdentifier>{7bb0af87-139c-47e7-90d0-b8a3ce45fc12}</UniqueIdentifier>
    </Filter>
    <Filter Include="Libararies">
      <UniqueIdentifier>{8ef66bdd-d839-425a-9111-e02a3a0b9063}</UniqueIdentifier>
    </Filter>
    <Filter Include="Source Files\Events">
      <UniqueIdentifier>{d491e944-9e1d-403f-aa44-17e4784c4af1}</UniqueIdentifier>
    </Filter>
    <Filter Include="Source Files\Memory">
      <UniqueIdentifier>{1c705214-7044-4e7e-abce-538bb2507bce}</UniqueIdentifier>
    </Filter>
    <Filter Include="Libararies\JSON">
      <UniqueIdentifier>{7e80aef3-7526-4e9d-900e-28e8dac83943}</UniqueIdentifier>
    </Filter>
    <Filter Include="Libararies\LodePNG">
      <UniqueIdentifier>{228b40c0-d7ca-45c6-8284-7bb792ff0944}</UniqueIdentifier>
    </Filter>
  </ItemGroup>
  <ItemGroup>
    <ClCompile Include="$(MSBuildThisFileDirectory)Source\FrameworkPCH.cpp">
      <Filter>Source Files</Filter>
    </ClCompile>
    <ClCompile Include="$(MSBuildThisFileDirectory)Source\GameCore\GameCore.cpp">
      <Filter>Source Files\GameCore</Filter>
    </ClCompile>
    <ClCompile Include="$(MSBuildThisFileDirectory)Source\GL\GLHelpers.cpp">
      <Filter>Source Files\GL</Filter>
    </ClCompile>
    <ClCompile Include="$(MSBuildThisFileDirectory)Source\Utility\ShaderProgram.cpp">
      <Filter>Source Files\Utility</Filter>
    </ClCompile>
    <ClCompile Include="$(MSBuildThisFileDirectory)Source\Math\MyMatrix.cpp">
      <Filter>Source Files\Math</Filter>
    </ClCompile>
    <ClCompile Include="$(MSBuildThisFileDirectory)Source\Events\EventManager.cpp">
      <Filter>Source Files\Events</Filter>
    </ClCompile>
    <ClCompile Include="$(MSBuildThisFileDirectory)Source\Memory\MyMemory.cpp">
      <Filter>Source Files\Memory</Filter>
    </ClCompile>
    <ClCompile Include="$(MSBuildThisFileDirectory)Libraries\cJSON\cJSON.c">
      <Filter>Libararies\JSON</Filter>
    </ClCompile>
    <ClCompile Include="$(MSBuildThisFileDirectory)Libraries\LodePNG\lodepng.cpp">
      <Filter>Libararies\LodePNG</Filter>
    </ClCompile>
  </ItemGroup>
  <ItemGroup>
    <ClInclude Include="$(MSBuildThisFileDirectory)Source\FrameworkPCH.h">
      <Filter>Source Files</Filter>
    </ClInclude>
    <ClInclude Include="$(MSBuildThisFileDirectory)Source\GameCore\GameCore.h">
      <Filter>Source Files\GameCore</Filter>
    </ClInclude>
    <ClInclude Include="$(MSBuildThisFileDirectory)Source\GL\GLHelpers.h">
      <Filter>Source Files\GL</Filter>
    </ClInclude>
    <ClInclude Include="$(MSBuildThisFileDirectory)Source\Utility\CPPList.h">
      <Filter>Source Files\Utility</Filter>
    </ClInclude>
    <ClInclude Include="$(MSBuildThisFileDirectory)Source\Utility\Helpers.h">
      <Filter>Source Files\Utility</Filter>
    </ClInclude>
    <ClInclude Include="$(MSBuildThisFileDirectory)Source\Utility\ShaderProgram.h">
      <Filter>Source Files\Utility</Filter>
    </ClInclude>
    <ClInclude Include="$(MSBuildThisFileDirectory)Source\Math\MathHelpers.h">
      <Filter>Source Files\Math</Filter>
    </ClInclude>
    <ClInclude Include="$(MSBuildThisFileDirectory)Source\Math\MyMatrix.h">
      <Filter>Source Files\Math</Filter>
    </ClInclude>
    <ClInclude Include="$(MSBuildThisFileDirectory)Source\Math\Vector.h">
      <Filter>Source Files\Math</Filter>
    </ClInclude>
    <ClInclude Include="$(MSBuildThisFileDirectory)Source\Events\Event.h">
      <Filter>Source Files\Events</Filter>
    </ClInclude>
    <ClInclude Include="$(MSBuildThisFileDirectory)Source\Events\InputEvent.h">
      <Filter>Source Files\Events</Filter>
    </ClInclude>
    <ClInclude Include="$(MSBuildThisFileDirectory)Source\Events\EventManager.h">
      <Filter>Source Files\Events</Filter>
    </ClInclude>
    <ClInclude Include="$(MSBuildThisFileDirectory)Source\Memory\MyMemory.h">
      <Filter>Source Files\Memory</Filter>
    </ClInclude>
    <ClInclude Include="$(MSBuildThisFileDirectory)Libraries\cJSON\cJSON.h">
      <Filter>Libararies\JSON</Filter>
    </ClInclude>
    <ClInclude Include="$(MSBuildThisFileDirectory)Libraries\LodePNG\lodepng.h">
      <Filter>Libararies\LodePNG</Filter>
    </ClInclude>
  </ItemGroup>
</Project>