<?xml version="1.0" encoding="utf-8"?>
<Project ToolsVersion="4.0" xmlns="http://schemas.microsoft.com/developer/msbuild/2003">
  <ItemGroup>
    <Filter Include="Source">
      <UniqueIdentifier>{5dd6ffbb-ac19-4bf3-8b09-b9cf15173574}</UniqueIdentifier>
    </Filter>
  </ItemGroup>
  <ItemGroup>
    <ClCompile Include="Source-Android\android_native_app_glue.c">
      <Filter>Source</Filter>
    </ClCompile>
    <ClCompile Include="Source-Android\main.cpp">
      <Filter>Source</Filter>
    </ClCompile>
    <ClCompile Include="Source-Android\UtilityAndroid.c">
      <Filter>Source</Filter>
    </ClCompile>
  </ItemGroup>
  <ItemGroup>
    <ClInclude Include="Source-Android\android_native_app_glue.h">
      <Filter>Source</Filter>
    </ClInclude>
    <ClInclude Include="Source-Android\UtilityAndroid.h">
      <Filter>Source</Filter>
    </ClInclude>
  </ItemGroup>
</Project>